
Microsoft Visual Studio Solution File, Format Version 12.00
# Visual Studio Version 16
VisualStudioVersion = 16.0.29613.14
MinimumVisualStudioVersion = 10.0.40219.1
Project("{FAE04EC0-301F-11D3-BF4B-00C04F79EFBC}") = "UserInputFirstNameLastName", "UserInputFirstNameLastName.csproj", "{156FA5A4-7DF8-476D-81EF-EF896CF20AE7}"
EndProject
Global
	GlobalSection(SolutionConfigurationPlatforms) = preSolution
		Debug|Any CPU = Debug|Any CPU
		Release|Any CPU = Release|Any CPU
	EndGlobalSection
	GlobalSection(ProjectConfigurationPlatforms) = postSolution
		{156FA5A4-7DF8-476D-81EF-EF896CF20AE7}.Debug|Any CPU.ActiveCfg = Debug|Any CPU
		{156FA5A4-7DF8-476D-81EF-EF896CF20AE7}.Debug|Any CPU.Build.0 = Debug|Any CPU
		{156FA5A4-7DF8-476D-81EF-EF896CF20AE7}.Release|Any CPU.ActiveCfg = Release|Any CPU
		{156FA5A4-7DF8-476D-81EF-EF896CF20AE7}.Release|Any CPU.Build.0 = Release|Any CPU
	EndGlobalSection
	GlobalSection(SolutionProperties) = preSolution
		HideSolutionNode = FALSE
	EndGlobalSection
	GlobalSection(ExtensibilityGlobals) = postSolution
		SolutionGuid = {574B7FCF-AF3A-43AD-BD12-BE77CCF47560}
	EndGlobalSection
EndGlobal
